
Microsoft Visual Studio Solution File, Format Version 12.00
# Visual Studio 15
VisualStudioVersion = 15.0.28307.779
MinimumVisualStudioVersion = 10.0.40219.1
Project("{FAE04EC0-301F-11D3-BF4B-00C04F79EFBC}") = "ComicHub", "ComicHub\ComicHub.csproj", "{17F1DE27-7A72-4D5C-A2F4-67E54EED20CE}"
EndProject
Global
	GlobalSection(SolutionConfigurationPlatforms) = preSolution
		Debug|Any CPU = Debug|Any CPU
		Release|Any CPU = Release|Any CPU
	EndGlobalSection
	GlobalSection(ProjectConfigurationPlatforms) = postSolution
		{17F1DE27-7A72-4D5C-A2F4-67E54EED20CE}.Debug|Any CPU.ActiveCfg = Debug|Any CPU
		{17F1DE27-7A72-4D5C-A2F4-67E54EED20CE}.Debug|Any CPU.Build.0 = Debug|Any CPU
		{17F1DE27-7A72-4D5C-A2F4-67E54EED20CE}.Release|Any CPU.ActiveCfg = Release|Any CPU
		{17F1DE27-7A72-4D5C-A2F4-67E54EED20CE}.Release|Any CPU.Build.0 = Release|Any CPU
	EndGlobalSection
	GlobalSection(SolutionProperties) = preSolution
		HideSolutionNode = FALSE
	EndGlobalSection
	GlobalSection(ExtensibilityGlobals) = postSolution
		SolutionGuid = {67D61148-6ED9-4401-95EE-BC1E18FC1FF9}
	EndGlobalSection
EndGlobal
